// !$*UTF8*$!
{
	archiveVersion = 1;
	classes = {
	};
	objectVersion = 51;
	objects = {

/* Begin PBXBuildFile section */
		77F614AEB5C54684B8F563D8 /* Pods_RESTAPI.framework in Frameworks */ = {isa = PBXBuildFile; fileRef = 130C0C5994DABFFCFCC85A34 /* Pods_RESTAPI.framework */; };
		B15D339023FA42FC009640E3 /* Config.swift in Sources */ = {isa = PBXBuildFile; fileRef = B15D338F23FA42FC009640E3 /* Config.swift */; };
		B15D339223FA4315009640E3 /* UIImageViewExtension.swift in Sources */ = {isa = PBXBuildFile; fileRef = B15D339123FA4315009640E3 /* UIImageViewExtension.swift */; };
		B16614B3237D2BB0003FCAE7 /* AppDelegate.swift in Sources */ = {isa = PBXBuildFile; fileRef = B16614B2237D2BB0003FCAE7 /* AppDelegate.swift */; };
		B16614B7237D2BB0003FCAE7 /* ViewController.swift in Sources */ = {isa = PBXBuildFile; fileRef = B16614B6237D2BB0003FCAE7 /* ViewController.swift */; };
		B16614BA237D2BB0003FCAE7 /* Main.storyboard in Resources */ = {isa = PBXBuildFile; fileRef = B16614B8237D2BB0003FCAE7 /* Main.storyboard */; };
		B16614BC237D2BB2003FCAE7 /* Assets.xcassets in Resources */ = {isa = PBXBuildFile; fileRef = B16614BB237D2BB2003FCAE7 /* Assets.xcassets */; };
		B16614BF237D2BB2003FCAE7 /* LaunchScreen.storyboard in Resources */ = {isa = PBXBuildFile; fileRef = B16614BD237D2BB2003FCAE7 /* LaunchScreen.storyboard */; };
/* End PBXBuildFile section */

/* Begin PBXFileReference section */
		130C0C5994DABFFCFCC85A34 /* Pods_RESTAPI.framework */ = {isa = PBXFileReference; explicitFileType = wrapper.framework; includeInIndex = 0; path = Pods_RESTAPI.framework; sourceTree = BUILT_PRODUCTS_DIR; };
		524A698B6B56A8AAC188D0D1 /* Pods-RESTAPI.debug.xcconfig */ = {isa = PBXFileReference; includeInIndex = 1; lastKnownFileType = text.xcconfig; name = "Pods-RESTAPI.debug.xcconfig"; path = "Target Support Files/Pods-RESTAPI/Pods-RESTAPI.debug.xcconfig"; sourceTree = "<group>"; };
		B15D338F23FA42FC009640E3 /* Config.swift */ = {isa = PBXFileReference; fileEncoding = 4; lastKnownFileType = sourcecode.swift; path = Config.swift; sourceTree = "<group>"; };
		B15D339123FA4315009640E3 /* UIImageViewExtension.swift */ = {isa = PBXFileReference; lastKnownFileType = sourcecode.swift; path = UIImageViewExtension.swift; sourceTree = "<group>"; };
		B16614AF237D2BB0003FCAE7 /* RESTAPI.app */ = {isa = PBXFileReference; explicitFileType = wrapper.application; includeInIndex = 0; path = RESTAPI.app; sourceTree = BUILT_PRODUCTS_DIR; };
		B16614B2237D2BB0003FCAE7 /* AppDelegate.swift */ = {isa = PBXFileReference; lastKnownFileType = sourcecode.swift; path = AppDelegate.swift; sourceTree = "<group>"; };
		B16614B6237D2BB0003FCAE7 /* ViewController.swift */ = {isa = PBXFileReference; lastKnownFileType = sourcecode.swift; path = ViewController.swift; sourceTree = "<group>"; };
		B16614B9237D2BB0003FCAE7 /* Base */ = {isa = PBXFileReference; lastKnownFileType = file.storyboard; name = Base; path = Base.lproj/Main.storyboard; sourceTree = "<group>"; };
		B16614BB237D2BB2003FCAE7 /* Assets.xcassets */ = {isa = PBXFileReference; lastKnownFileType = folder.assetcatalog; path = Assets.xcassets; sourceTree = "<group>"; };
		B16614BE237D2BB2003FCAE7 /* Base */ = {isa = PBXFileReference; lastKnownFileType = file.storyboard; name = Base; path = Base.lproj/LaunchScreen.storyboard; sourceTree = "<group>"; };
		B16614C0237D2BB2003FCAE7 /* Info.plist */ = {isa = PBXFileReference; lastKnownFileType = text.plist.xml; path = Info.plist; sourceTree = "<group>"; };
		C4C3B81CCF5E2C762A60830E /* Pods-RESTAPI.release.xcconfig */ = {isa = PBXFileReference; includeInIndex = 1; lastKnownFileType = text.xcconfig; name = "Pods-RESTAPI.release.xcconfig"; path = "Target Support Files/Pods-RESTAPI/Pods-RESTAPI.release.xcconfig"; sourceTree = "<group>"; };
/* End PBXFileReference section */

/* Begin PBXFrameworksBuildPhase section */
		B16614AC237D2BB0003FCAE7 /* Frameworks */ = {
			isa = PBXFrameworksBuildPhase;
			buildActionMask = 2147483647;
			files = (
				77F614AEB5C54684B8F563D8 /* Pods_RESTAPI.framework in Frameworks */,
			);
			runOnlyForDeploymentPostprocessing = 0;
		};
/* End PBXFrameworksBuildPhase section */

/* Begin PBXGroup section */
		2CA8E3BFCFF51DCFC4F423F7 /* Frameworks */ = {
			isa = PBXGroup;
			children = (
				130C0C5994DABFFCFCC85A34 /* Pods_RESTAPI.framework */,
			);
			name = Frameworks;
			sourceTree = "<group>";
		};
		7BBB350D3CD9E49105739837 /* Pods */ = {
			isa = PBXGroup;
			children = (
				524A698B6B56A8AAC188D0D1 /* Pods-RESTAPI.debug.xcconfig */,
				C4C3B81CCF5E2C762A60830E /* Pods-RESTAPI.release.xcconfig */,
			);
			path = Pods;
			sourceTree = "<group>";
		};
		B16614A6237D2BB0003FCAE7 = {
			isa = PBXGroup;
			children = (
				B16614B1237D2BB0003FCAE7 /* RESTAPI */,
				B16614B0237D2BB0003FCAE7 /* Products */,
				7BBB350D3CD9E49105739837 /* Pods */,
				2CA8E3BFCFF51DCFC4F423F7 /* Frameworks */,
			);
			sourceTree = "<group>";
		};
		B16614B0237D2BB0003FCAE7 /* Products */ = {
			isa = PBXGroup;
			children = (
				B16614AF237D2BB0003FCAE7 /* RESTAPI.app */,
			);
			name = Products;
			sourceTree = "<group>";
		};
		B16614B1237D2BB0003FCAE7 /* RESTAPI */ = {
			isa = PBXGroup;
			children = (
				B16614B2237D2BB0003FCAE7 /* AppDelegate.swift */,
				B16614B6237D2BB0003FCAE7 /* ViewController.swift */,
				B15D338F23FA42FC009640E3 /* Config.swift */,
				B15D339123FA4315009640E3 /* UIImageViewExtension.swift */,
				B16614B8237D2BB0003FCAE7 /* Main.storyboard */,
				B16614BB237D2BB2003FCAE7 /* Assets.xcassets */,
				B16614BD237D2BB2003FCAE7 /* LaunchScreen.storyboard */,
				B16614C0237D2BB2003FCAE7 /* Info.plist */,
			);
			path = RESTAPI;
			sourceTree = "<group>";
		};
/* End PBXGroup section */

/* Begin PBXNativeTarget section */
		B16614AE237D2BB0003FCAE7 /* RESTAPI */ = {
			isa = PBXNativeTarget;
			buildConfigurationList = B16614C3237D2BB2003FCAE7 /* Build configuration list for PBXNativeTarget "RESTAPI" */;
			buildPhases = (
				7B5807F44F20DDEBDDEB5690 /* [CP] Check Pods Manifest.lock */,
				B16614AB237D2BB0003FCAE7 /* Sources */,
				B16614AC237D2BB0003FCAE7 /* Frameworks */,
				B16614AD237D2BB0003FCAE7 /* Resources */,
				E35CE83AAEB1351FB3927594 /* [CP] Embed Pods Frameworks */,
			);
			buildRules = (
			);
			dependencies = (
			);
			name = RESTAPI;
			productName = RESTAPI;
			productReference = B16614AF237D2BB0003FCAE7 /* RESTAPI.app */;
			productType = "com.apple.product-type.application";
		};
/* End PBXNativeTarget section */

/* Begin PBXProject section */
		B16614A7237D2BB0003FCAE7 /* Project object */ = {
			isa = PBXProject;
			attributes = {
				LastSwiftUpdateCheck = 1100;
				LastUpgradeCheck = 1100;
				ORGANIZATIONNAME = "Nguyễn Văn Tú";
				TargetAttributes = {
					B16614AE237D2BB0003FCAE7 = {
						CreatedOnToolsVersion = 11.0;
					};
				};
			};
			buildConfigurationList = B16614AA237D2BB0003FCAE7 /* Build configuration list for PBXProject "RESTAPI" */;
			compatibilityVersion = "Xcode 9.3";
			developmentRegion = en;
			hasScannedForEncodings = 0;
			knownRegions = (
				en,
				Base,
			);
			mainGroup = B16614A6237D2BB0003FCAE7;
			productRefGroup = B16614B0237D2BB0003FCAE7 /* Products */;
			projectDirPath = "";
			projectRoot = "";
			targets = (
				B16614AE237D2BB0003FCAE7 /* RESTAPI */,
			);
		};
/* End PBXProject section */

/* Begin PBXResourcesBuildPhase section */
		B16614AD237D2BB0003FCAE7 /* Resources */ = {
			isa = PBXResourcesBuildPhase;
			buildActionMask = 2147483647;
			files = (
				B16614BF237D2BB2003FCAE7 /* LaunchScreen.storyboard in Resources */,
				B16614BC237D2BB2003FCAE7 /* Assets.xcassets in Resources */,
				B16614BA237D2BB0003FCAE7 /* Main.storyboard in Resources */,
			);
			runOnlyForDeploymentPostprocessing = 0;
		};
/* End PBXResourcesBuildPhase section */

/* Begin PBXShellScriptBuildPhase section */
		7B5807F44F20DDEBDDEB5690 /* [CP] Check Pods Manifest.lock */ = {
			isa = PBXShellScriptBuildPhase;
			buildActionMask = 2147483647;
			files = (
			);
			inputFileListPaths = (
			);
			inputPaths = (
				"${PODS_PODFILE_DIR_PATH}/Podfile.lock",
				"${PODS_ROOT}/Manifest.lock",
			);
			name = "[CP] Check Pods Manifest.lock";
			outputFileListPaths = (
			);
			outputPaths = (
				"$(DERIVED_FILE_DIR)/Pods-RESTAPI-checkManifestLockResult.txt",
			);
			runOnlyForDeploymentPostprocessing = 0;
			shellPath = /bin/sh;
			shellScript = "diff \"${PODS_PODFILE_DIR_PATH}/Podfile.lock\" \"${PODS_ROOT}/Manifest.lock\" > /dev/null\nif [ $? != 0 ] ; then\n    # print error to STDERR\n    echo \"error: The sandbox is not in sync with the Podfile.lock. Run 'pod install' or update your CocoaPods installation.\" >&2\n    exit 1\nfi\n# This output is used by Xcode 'outputs' to avoid re-running this script phase.\necho \"SUCCESS\" > \"${SCRIPT_OUTPUT_FILE_0}\"\n";
			showEnvVarsInLog = 0;
		};
		E35CE83AAEB1351FB3927594 /* [CP] Embed Pods Frameworks */ = {
			isa = PBXShellScriptBuildPhase;
			buildActionMask = 2147483647;
			files = (
			);
			inputFileListPaths = (
				"${PODS_ROOT}/Target Support Files/Pods-RESTAPI/Pods-RESTAPI-frameworks-${CONFIGURATION}-input-files.xcfilelist",
			);
			name = "[CP] Embed Pods Frameworks";
			outputFileListPaths = (
				"${PODS_ROOT}/Target Support Files/Pods-RESTAPI/Pods-RESTAPI-frameworks-${CONFIGURATION}-output-files.xcfilelist",
			);
			runOnlyForDeploymentPostprocessing = 0;
			shellPath = /bin/sh;
			shellScript = "\"${PODS_ROOT}/Target Support Files/Pods-RESTAPI/Pods-RESTAPI-frameworks.sh\"\n";
			showEnvVarsInLog = 0;
		};
/* End PBXShellScriptBuildPhase section */

/* Begin PBXSourcesBuildPhase section */
		B16614AB237D2BB0003FCAE7 /* Sources */ = {
			isa = PBXSourcesBuildPhase;
			buildActionMask = 2147483647;
			files = (
				B15D339223FA4315009640E3 /* UIImageViewExtension.swift in Sources */,
				B16614B7237D2BB0003FCAE7 /* ViewController.swift in Sources */,
				B16614B3237D2BB0003FCAE7 /* AppDelegate.swift in Sources */,
				B15D339023FA42FC009640E3 /* Config.swift in Sources */,
			);
			runOnlyForDeploymentPostprocessing = 0;
		};
/* End PBXSourcesBuildPhase section */

/* Begin PBXVariantGroup section */
		B16614B8237D2BB0003FCAE7 /* Main.storyboard */ = {
			isa = PBXVariantGroup;
			children = (
				B16614B9237D2BB0003FCAE7 /* Base */,
			);
			name = Main.storyboard;
			sourceTree = "<group>";
		};
		B16614BD237D2BB2003FCAE7 /* LaunchScreen.storyboard */ = {
			isa = PBXVariantGroup;
			children = (
				B16614BE237D2BB2003FCAE7 /* Base */,
			);
			name = LaunchScreen.storyboard;
			sourceTree = "<group>";
		};
/* End PBXVariantGroup section */

/* Begin XCBuildConfiguration section */
		B16614C1237D2BB2003FCAE7 /* Debug */ = {
			isa = XCBuildConfiguration;
			buildSettings = {
				ALWAYS_SEARCH_USER_PATHS = NO;
				CLANG_ANALYZER_NONNULL = YES;
				CLANG_ANALYZER_NUMBER_OBJECT_CONVERSION = YES_AGGRESSIVE;
				CLANG_CXX_LANGUAGE_STANDARD = "gnu++14";
				CLANG_CXX_LIBRARY = "libc++";
				CLANG_ENABLE_MODULES = YES;
				CLANG_ENABLE_OBJC_ARC = YES;
				CLANG_ENABLE_OBJC_WEAK = YES;
				CLANG_WARN_BLOCK_CAPTURE_AUTORELEASING = YES;
				CLANG_WARN_BOOL_CONVERSION = YES;
				CLANG_WARN_COMMA = YES;
				CLANG_WARN_CONSTANT_CONVERSION = YES;
				CLANG_WARN_DEPRECATED_OBJC_IMPLEMENTATIONS = YES;
				CLANG_WARN_DIRECT_OBJC_ISA_USAGE = YES_ERROR;
				CLANG_WARN_DOCUMENTATION_COMMENTS = YES;
				CLANG_WARN_EMPTY_BODY = YES;
				CLANG_WARN_ENUM_CONVERSION = YES;
				CLANG_WARN_INFINITE_RECURSION = YES;
				CLANG_WARN_INT_CONVERSION = YES;
				CLANG_WARN_NON_LITERAL_NULL_CONVERSION = YES;
				CLANG_WARN_OBJC_IMPLICIT_RETAIN_SELF = YES;
				CLANG_WARN_OBJC_LITERAL_CONVERSION = YES;
				CLANG_WARN_OBJC_ROOT_CLASS = YES_ERROR;
				CLANG_WARN_RANGE_LOOP_ANALYSIS = YES;
				CLANG_WARN_STRICT_PROTOTYPES = YES;
				CLANG_WARN_SUSPICIOUS_MOVE = YES;
				CLANG_WARN_UNGUARDED_AVAILABILITY = YES_AGGRESSIVE;
				CLANG_WARN_UNREACHABLE_CODE = YES;
				CLANG_WARN__DUPLICATE_METHOD_MATCH = YES;
				COPY_PHASE_STRIP = NO;
				DEBUG_INFORMATION_FORMAT = dwarf;
				ENABLE_STRICT_OBJC_MSGSEND = YES;
				ENABLE_TESTABILITY = YES;
				GCC_C_LANGUAGE_STANDARD = gnu11;
				GCC_DYNAMIC_NO_PIC = NO;
				GCC_NO_COMMON_BLOCKS = YES;
				GCC_OPTIMIZATION_LEVEL = 0;
				GCC_PREPROCESSOR_DEFINITIONS = (
					"DEBUG=1",
					"$(inherited)",
				);
				GCC_WARN_64_TO_32_BIT_CONVERSION = YES;
				GCC_WARN_ABOUT_RETURN_TYPE = YES_ERROR;
				GCC_WARN_UNDECLARED_SELECTOR = YES;
				GCC_WARN_UNINITIALIZED_AUTOS = YES_AGGRESSIVE;
				GCC_WARN_UNUSED_FUNCTION = YES;
				GCC_WARN_UNUSED_VARIABLE = YES;
				IPHONEOS_DEPLOYMENT_TARGET = 10.0;
				MTL_ENABLE_DEBUG_INFO = INCLUDE_SOURCE;
				MTL_FAST_MATH = YES;
				ONLY_ACTIVE_ARCH = YES;
				SDKROOT = iphoneos;
				SWIFT_ACTIVE_COMPILATION_CONDITIONS = DEBUG;
				SWIFT_OPTIMIZATION_LEVEL = "-Onone";
			};
			name = Debug;
		};
		B16614C2237D2BB2003FCAE7 /* Release */ = {
			isa = XCBuildConfiguration;
			buildSettings = {
				ALWAYS_SEARCH_USER_PATHS = NO;
				CLANG_ANALYZER_NONNULL = YES;
				CLANG_ANALYZER_NUMBER_OBJECT_CONVERSION = YES_AGGRESSIVE;
				CLANG_CXX_LANGUAGE_STANDARD = "gnu++14";
				CLANG_CXX_LIBRARY = "libc++";
				CLANG_ENABLE_MODULES = YES;
				CLANG_ENABLE_OBJC_ARC = YES;
				CLANG_ENABLE_OBJC_WEAK = YES;
				CLANG_WARN_BLOCK_CAPTURE_AUTORELEASING = YES;
				CLANG_WARN_BOOL_CONVERSION = YES;
				CLANG_WARN_COMMA = YES;
				CLANG_WARN_CONSTANT_CONVERSION = YES;
				CLANG_WARN_DEPRECATED_OBJC_IMPLEMENTATIONS = YES;
				CLANG_WARN_DIRECT_OBJC_ISA_USAGE = YES_ERROR;
				CLANG_WARN_DOCUMENTATION_COMMENTS = YES;
				CLANG_WARN_EMPTY_BODY = YES;
				CLANG_WARN_ENUM_CONVERSION = YES;
				CLANG_WARN_INFINITE_RECURSION = YES;
				CLANG_WARN_INT_CONVERSION = YES;
				CLANG_WARN_NON_LITERAL_NULL_CONVERSION = YES;
				CLANG_WARN_OBJC_IMPLICIT_RETAIN_SELF = YES;
				CLANG_WARN_OBJC_LITERAL_CONVERSION = YES;
				CLANG_WARN_OBJC_ROOT_CLASS = YES_ERROR;
				CLANG_WARN_RANGE_LOOP_ANALYSIS = YES;
				CLANG_WARN_STRICT_PROTOTYPES = YES;
				CLANG_WARN_SUSPICIOUS_MOVE = YES;
				CLANG_WARN_UNGUARDED_AVAILABILITY = YES_AGGRESSIVE;
				CLANG_WARN_UNREACHABLE_CODE = YES;
				CLANG_WARN__DUPLICATE_METHOD_MATCH = YES;
				COPY_PHASE_STRIP = NO;
				DEBUG_INFORMATION_FORMAT = "dwarf-with-dsym";
				ENABLE_NS_ASSERTIONS = NO;
				ENABLE_STRICT_OBJC_MSGSEND = YES;
				GCC_C_LANGUAGE_STANDARD = gnu11;
				GCC_NO_COMMON_BLOCKS = YES;
				GCC_WARN_64_TO_32_BIT_CONVERSION = YES;
				GCC_WARN_ABOUT_RETURN_TYPE = YES_ERROR;
				GCC_WARN_UNDECLARED_SELECTOR = YES;
				GCC_WARN_UNINITIALIZED_AUTOS = YES_AGGRESSIVE;
				GCC_WARN_UNUSED_FUNCTION = YES;
				GCC_WARN_UNUSED_VARIABLE = YES;
				IPHONEOS_DEPLOYMENT_TARGET = 10.0;
				MTL_ENABLE_DEBUG_INFO = NO;
				MTL_FAST_MATH = YES;
				SDKROOT = iphoneos;
				SWIFT_COMPILATION_MODE = wholemodule;
				SWIFT_OPTIMIZATION_LEVEL = "-O";
				VALIDATE_PRODUCT = YES;
			};
			name = Release;
		};
		B16614C4237D2BB2003FCAE7 /* Debug */ = {
			isa = XCBuildConfiguration;
			baseConfigurationReference = 524A698B6B56A8AAC188D0D1 /* Pods-RESTAPI.debug.xcconfig */;
			buildSettings = {
				ASSETCATALOG_COMPILER_APPICON_NAME = AppIcon;
				CODE_SIGN_STYLE = Automatic;
				INFOPLIST_FILE = RESTAPI/Info.plist;
				LD_RUNPATH_SEARCH_PATHS = (
					"$(inherited)",
					"@executable_path/Frameworks",
				);
				PRODUCT_BUNDLE_IDENTIFIER = Sample.RESTAPI;
				PRODUCT_NAME = "$(TARGET_NAME)";
				SWIFT_VERSION = 5.0;
				TARGETED_DEVICE_FAMILY = "1,2";
			};
			name = Debug;
		};
		B16614C5237D2BB2003FCAE7 /* Release */ = {
			isa = XCBuildConfiguration;
			baseConfigurationReference = C4C3B81CCF5E2C762A60830E /* Pods-RESTAPI.release.xcconfig */;
			buildSettings = {
				ASSETCATALOG_COMPILER_APPICON_NAME = AppIcon;
				CODE_SIGN_STYLE = Automatic;
				INFOPLIST_FILE = RESTAPI/Info.plist;
				LD_RUNPATH_SEARCH_PATHS = (
					"$(inherited)",
					"@executable_path/Frameworks",
				);
				PRODUCT_BUNDLE_IDENTIFIER = Sample.RESTAPI;
				PRODUCT_NAME = "$(TARGET_NAME)";
				SWIFT_VERSION = 5.0;
				TARGETED_DEVICE_FAMILY = "1,2";
			};
			name = Release;
		};
/* End XCBuildConfiguration section */

/* Begin XCConfigurationList section */
		B16614AA237D2BB0003FCAE7 /* Build configuration list for PBXProject "RESTAPI" */ = {
			isa = XCConfigurationList;
			buildConfigurations = (
				B16614C1237D2BB2003FCAE7 /* Debug */,
				B16614C2237D2BB2003FCAE7 /* Release */,
			);
			defaultConfigurationIsVisible = 0;
			defaultConfigurationName = Release;
		};
		B16614C3237D2BB2003FCAE7 /* Build configuration list for PBXNativeTarget "RESTAPI" */ = {
			isa = XCConfigurationList;
			buildConfigurations = (
				B16614C4237D2BB2003FCAE7 /* Debug */,
				B16614C5237D2BB2003FCAE7 /* Release */,
			);
			defaultConfigurationIsVisible = 0;
			defaultConfigurationName = Release;
		};
/* End XCConfigurationList section */
	};
	rootObject = B16614A7237D2BB0003FCAE7 /* Project object */;
}
