// !$*UTF8*$!
{
	archiveVersion = 1;
	classes = {
	};
	objectVersion = 50;
	objects = {

/* Begin PBXBuildFile section */
		B19F3C5D23CC89ED00A2B6E2 /* AppDelegate.swift in Sources */ = {isa = PBXBuildFile; fileRef = B19F3C5C23CC89ED00A2B6E2 /* AppDelegate.swift */; };
		B19F3C5F23CC89ED00A2B6E2 /* SceneDelegate.swift in Sources */ = {isa = PBXBuildFile; fileRef = B19F3C5E23CC89ED00A2B6E2 /* SceneDelegate.swift */; };
		B19F3C6123CC89ED00A2B6E2 /* ViewController.swift in Sources */ = {isa = PBXBuildFile; fileRef = B19F3C6023CC89ED00A2B6E2 /* ViewController.swift */; };
		B19F3C6423CC89ED00A2B6E2 /* Main.storyboard in Resources */ = {isa = PBXBuildFile; fileRef = B19F3C6223CC89ED00A2B6E2 /* Main.storyboard */; };
		B19F3C6623CC89EE00A2B6E2 /* Assets.xcassets in Resources */ = {isa = PBXBuildFile; fileRef = B19F3C6523CC89EE00A2B6E2 /* Assets.xcassets */; };
		B19F3C6923CC89EE00A2B6E2 /* LaunchScreen.storyboard in Resources */ = {isa = PBXBuildFile; fileRef = B19F3C6723CC89EE00A2B6E2 /* LaunchScreen.storyboard */; };
		B19F3C7323CC8B0A00A2B6E2 /* MainTabBar.swift in Sources */ = {isa = PBXBuildFile; fileRef = B19F3C7223CC8B0A00A2B6E2 /* MainTabBar.swift */; };
		B19F3C7523CC8B9600A2B6E2 /* RecentsVC.swift in Sources */ = {isa = PBXBuildFile; fileRef = B19F3C7423CC8B9600A2B6E2 /* RecentsVC.swift */; };
		B19F3C7723CC8BAD00A2B6E2 /* ContractsVC.swift in Sources */ = {isa = PBXBuildFile; fileRef = B19F3C7623CC8BAD00A2B6E2 /* ContractsVC.swift */; };
		B19F3C7923CC8BC800A2B6E2 /* KeyPadVC.swift in Sources */ = {isa = PBXBuildFile; fileRef = B19F3C7823CC8BC800A2B6E2 /* KeyPadVC.swift */; };
/* End PBXBuildFile section */

/* Begin PBXFileReference section */
		B19F3C5923CC89ED00A2B6E2 /* UITabbarViewController.app */ = {isa = PBXFileReference; explicitFileType = wrapper.application; includeInIndex = 0; path = UITabbarViewController.app; sourceTree = BUILT_PRODUCTS_DIR; };
		B19F3C5C23CC89ED00A2B6E2 /* AppDelegate.swift */ = {isa = PBXFileReference; lastKnownFileType = sourcecode.swift; path = AppDelegate.swift; sourceTree = "<group>"; };
		B19F3C5E23CC89ED00A2B6E2 /* SceneDelegate.swift */ = {isa = PBXFileReference; lastKnownFileType = sourcecode.swift; path = SceneDelegate.swift; sourceTree = "<group>"; };
		B19F3C6023CC89ED00A2B6E2 /* ViewController.swift */ = {isa = PBXFileReference; lastKnownFileType = sourcecode.swift; path = ViewController.swift; sourceTree = "<group>"; };
		B19F3C6323CC89ED00A2B6E2 /* Base */ = {isa = PBXFileReference; lastKnownFileType = file.storyboard; name = Base; path = Base.lproj/Main.storyboard; sourceTree = "<group>"; };
		B19F3C6523CC89EE00A2B6E2 /* Assets.xcassets */ = {isa = PBXFileReference; lastKnownFileType = folder.assetcatalog; path = Assets.xcassets; sourceTree = "<group>"; };
		B19F3C6823CC89EE00A2B6E2 /* Base */ = {isa = PBXFileReference; lastKnownFileType = file.storyboard; name = Base; path = Base.lproj/LaunchScreen.storyboard; sourceTree = "<group>"; };
		B19F3C6A23CC89EE00A2B6E2 /* Info.plist */ = {isa = PBXFileReference; lastKnownFileType = text.plist.xml; path = Info.plist; sourceTree = "<group>"; };
		B19F3C7223CC8B0A00A2B6E2 /* MainTabBar.swift */ = {isa = PBXFileReference; lastKnownFileType = sourcecode.swift; path = MainTabBar.swift; sourceTree = "<group>"; };
		B19F3C7423CC8B9600A2B6E2 /* RecentsVC.swift */ = {isa = PBXFileReference; lastKnownFileType = sourcecode.swift; path = RecentsVC.swift; sourceTree = "<group>"; };
		B19F3C7623CC8BAD00A2B6E2 /* ContractsVC.swift */ = {isa = PBXFileReference; lastKnownFileType = sourcecode.swift; path = ContractsVC.swift; sourceTree = "<group>"; };
		B19F3C7823CC8BC800A2B6E2 /* KeyPadVC.swift */ = {isa = PBXFileReference; lastKnownFileType = sourcecode.swift; path = KeyPadVC.swift; sourceTree = "<group>"; };
/* End PBXFileReference section */

/* Begin PBXFrameworksBuildPhase section */
		B19F3C5623CC89ED00A2B6E2 /* Frameworks */ = {
			isa = PBXFrameworksBuildPhase;
			buildActionMask = 2147483647;
			files = (
			);
			runOnlyForDeploymentPostprocessing = 0;
		};
/* End PBXFrameworksBuildPhase section */

/* Begin PBXGroup section */
		B19F3C5023CC89ED00A2B6E2 = {
			isa = PBXGroup;
			children = (
				B19F3C5B23CC89ED00A2B6E2 /* UITabbarViewController */,
				B19F3C5A23CC89ED00A2B6E2 /* Products */,
			);
			sourceTree = "<group>";
		};
		B19F3C5A23CC89ED00A2B6E2 /* Products */ = {
			isa = PBXGroup;
			children = (
				B19F3C5923CC89ED00A2B6E2 /* UITabbarViewController.app */,
			);
			name = Products;
			sourceTree = "<group>";
		};
		B19F3C5B23CC89ED00A2B6E2 /* UITabbarViewController */ = {
			isa = PBXGroup;
			children = (
				B19F3C5C23CC89ED00A2B6E2 /* AppDelegate.swift */,
				B19F3C5E23CC89ED00A2B6E2 /* SceneDelegate.swift */,
				B19F3C6023CC89ED00A2B6E2 /* ViewController.swift */,
				B19F3C7423CC8B9600A2B6E2 /* RecentsVC.swift */,
				B19F3C7623CC8BAD00A2B6E2 /* ContractsVC.swift */,
				B19F3C7823CC8BC800A2B6E2 /* KeyPadVC.swift */,
				B19F3C7223CC8B0A00A2B6E2 /* MainTabBar.swift */,
				B19F3C6223CC89ED00A2B6E2 /* Main.storyboard */,
				B19F3C6523CC89EE00A2B6E2 /* Assets.xcassets */,
				B19F3C6723CC89EE00A2B6E2 /* LaunchScreen.storyboard */,
				B19F3C6A23CC89EE00A2B6E2 /* Info.plist */,
			);
			path = UITabbarViewController;
			sourceTree = "<group>";
		};
/* End PBXGroup section */

/* Begin PBXNativeTarget section */
		B19F3C5823CC89ED00A2B6E2 /* UITabbarViewController */ = {
			isa = PBXNativeTarget;
			buildConfigurationList = B19F3C6D23CC89EE00A2B6E2 /* Build configuration list for PBXNativeTarget "UITabbarViewController" */;
			buildPhases = (
				B19F3C5523CC89ED00A2B6E2 /* Sources */,
				B19F3C5623CC89ED00A2B6E2 /* Frameworks */,
				B19F3C5723CC89ED00A2B6E2 /* Resources */,
			);
			buildRules = (
			);
			dependencies = (
			);
			name = UITabbarViewController;
			productName = UITabbarViewController;
			productReference = B19F3C5923CC89ED00A2B6E2 /* UITabbarViewController.app */;
			productType = "com.apple.product-type.application";
		};
/* End PBXNativeTarget section */

/* Begin PBXProject section */
		B19F3C5123CC89ED00A2B6E2 /* Project object */ = {
			isa = PBXProject;
			attributes = {
				LastSwiftUpdateCheck = 1130;
				LastUpgradeCheck = 1130;
				ORGANIZATIONNAME = "Nguyễn Văn Tú";
				TargetAttributes = {
					B19F3C5823CC89ED00A2B6E2 = {
						CreatedOnToolsVersion = 11.3;
					};
				};
			};
			buildConfigurationList = B19F3C5423CC89ED00A2B6E2 /* Build configuration list for PBXProject "UITabbarViewController" */;
			compatibilityVersion = "Xcode 9.3";
			developmentRegion = en;
			hasScannedForEncodings = 0;
			knownRegions = (
				en,
				Base,
			);
			mainGroup = B19F3C5023CC89ED00A2B6E2;
			productRefGroup = B19F3C5A23CC89ED00A2B6E2 /* Products */;
			projectDirPath = "";
			projectRoot = "";
			targets = (
				B19F3C5823CC89ED00A2B6E2 /* UITabbarViewController */,
			);
		};
/* End PBXProject section */

/* Begin PBXResourcesBuildPhase section */
		B19F3C5723CC89ED00A2B6E2 /* Resources */ = {
			isa = PBXResourcesBuildPhase;
			buildActionMask = 2147483647;
			files = (
				B19F3C6923CC89EE00A2B6E2 /* LaunchScreen.storyboard in Resources */,
				B19F3C6623CC89EE00A2B6E2 /* Assets.xcassets in Resources */,
				B19F3C6423CC89ED00A2B6E2 /* Main.storyboard in Resources */,
			);
			runOnlyForDeploymentPostprocessing = 0;
		};
/* End PBXResourcesBuildPhase section */

/* Begin PBXSourcesBuildPhase section */
		B19F3C5523CC89ED00A2B6E2 /* Sources */ = {
			isa = PBXSourcesBuildPhase;
			buildActionMask = 2147483647;
			files = (
				B19F3C7523CC8B9600A2B6E2 /* RecentsVC.swift in Sources */,
				B19F3C7323CC8B0A00A2B6E2 /* MainTabBar.swift in Sources */,
				B19F3C6123CC89ED00A2B6E2 /* ViewController.swift in Sources */,
				B19F3C5D23CC89ED00A2B6E2 /* AppDelegate.swift in Sources */,
				B19F3C7923CC8BC800A2B6E2 /* KeyPadVC.swift in Sources */,
				B19F3C7723CC8BAD00A2B6E2 /* ContractsVC.swift in Sources */,
				B19F3C5F23CC89ED00A2B6E2 /* SceneDelegate.swift in Sources */,
			);
			runOnlyForDeploymentPostprocessing = 0;
		};
/* End PBXSourcesBuildPhase section */

/* Begin PBXVariantGroup section */
		B19F3C6223CC89ED00A2B6E2 /* Main.storyboard */ = {
			isa = PBXVariantGroup;
			children = (
				B19F3C6323CC89ED00A2B6E2 /* Base */,
			);
			name = Main.storyboard;
			sourceTree = "<group>";
		};
		B19F3C6723CC89EE00A2B6E2 /* LaunchScreen.storyboard */ = {
			isa = PBXVariantGroup;
			children = (
				B19F3C6823CC89EE00A2B6E2 /* Base */,
			);
			name = LaunchScreen.storyboard;
			sourceTree = "<group>";
		};
/* End PBXVariantGroup section */

/* Begin XCBuildConfiguration section */
		B19F3C6B23CC89EE00A2B6E2 /* Debug */ = {
			isa = XCBuildConfiguration;
			buildSettings = {
				ALWAYS_SEARCH_USER_PATHS = NO;
				CLANG_ANALYZER_NONNULL = YES;
				CLANG_ANALYZER_NUMBER_OBJECT_CONVERSION = YES_AGGRESSIVE;
				CLANG_CXX_LANGUAGE_STANDARD = "gnu++14";
				CLANG_CXX_LIBRARY = "libc++";
				CLANG_ENABLE_MODULES = YES;
				CLANG_ENABLE_OBJC_ARC = YES;
				CLANG_ENABLE_OBJC_WEAK = YES;
				CLANG_WARN_BLOCK_CAPTURE_AUTORELEASING = YES;
				CLANG_WARN_BOOL_CONVERSION = YES;
				CLANG_WARN_COMMA = YES;
				CLANG_WARN_CONSTANT_CONVERSION = YES;
				CLANG_WARN_DEPRECATED_OBJC_IMPLEMENTATIONS = YES;
				CLANG_WARN_DIRECT_OBJC_ISA_USAGE = YES_ERROR;
				CLANG_WARN_DOCUMENTATION_COMMENTS = YES;
				CLANG_WARN_EMPTY_BODY = YES;
				CLANG_WARN_ENUM_CONVERSION = YES;
				CLANG_WARN_INFINITE_RECURSION = YES;
				CLANG_WARN_INT_CONVERSION = YES;
				CLANG_WARN_NON_LITERAL_NULL_CONVERSION = YES;
				CLANG_WARN_OBJC_IMPLICIT_RETAIN_SELF = YES;
				CLANG_WARN_OBJC_LITERAL_CONVERSION = YES;
				CLANG_WARN_OBJC_ROOT_CLASS = YES_ERROR;
				CLANG_WARN_RANGE_LOOP_ANALYSIS = YES;
				CLANG_WARN_STRICT_PROTOTYPES = YES;
				CLANG_WARN_SUSPICIOUS_MOVE = YES;
				CLANG_WARN_UNGUARDED_AVAILABILITY = YES_AGGRESSIVE;
				CLANG_WARN_UNREACHABLE_CODE = YES;
				CLANG_WARN__DUPLICATE_METHOD_MATCH = YES;
				COPY_PHASE_STRIP = NO;
				DEBUG_INFORMATION_FORMAT = dwarf;
				ENABLE_STRICT_OBJC_MSGSEND = YES;
				ENABLE_TESTABILITY = YES;
				GCC_C_LANGUAGE_STANDARD = gnu11;
				GCC_DYNAMIC_NO_PIC = NO;
				GCC_NO_COMMON_BLOCKS = YES;
				GCC_OPTIMIZATION_LEVEL = 0;
				GCC_PREPROCESSOR_DEFINITIONS = (
					"DEBUG=1",
					"$(inherited)",
				);
				GCC_WARN_64_TO_32_BIT_CONVERSION = YES;
				GCC_WARN_ABOUT_RETURN_TYPE = YES_ERROR;
				GCC_WARN_UNDECLARED_SELECTOR = YES;
				GCC_WARN_UNINITIALIZED_AUTOS = YES_AGGRESSIVE;
				GCC_WARN_UNUSED_FUNCTION = YES;
				GCC_WARN_UNUSED_VARIABLE = YES;
				IPHONEOS_DEPLOYMENT_TARGET = 13.2;
				MTL_ENABLE_DEBUG_INFO = INCLUDE_SOURCE;
				MTL_FAST_MATH = YES;
				ONLY_ACTIVE_ARCH = YES;
				SDKROOT = iphoneos;
				SWIFT_ACTIVE_COMPILATION_CONDITIONS = DEBUG;
				SWIFT_OPTIMIZATION_LEVEL = "-Onone";
			};
			name = Debug;
		};
		B19F3C6C23CC89EE00A2B6E2 /* Release */ = {
			isa = XCBuildConfiguration;
			buildSettings = {
				ALWAYS_SEARCH_USER_PATHS = NO;
				CLANG_ANALYZER_NONNULL = YES;
				CLANG_ANALYZER_NUMBER_OBJECT_CONVERSION = YES_AGGRESSIVE;
				CLANG_CXX_LANGUAGE_STANDARD = "gnu++14";
				CLANG_CXX_LIBRARY = "libc++";
				CLANG_ENABLE_MODULES = YES;
				CLANG_ENABLE_OBJC_ARC = YES;
				CLANG_ENABLE_OBJC_WEAK = YES;
				CLANG_WARN_BLOCK_CAPTURE_AUTORELEASING = YES;
				CLANG_WARN_BOOL_CONVERSION = YES;
				CLANG_WARN_COMMA = YES;
				CLANG_WARN_CONSTANT_CONVERSION = YES;
				CLANG_WARN_DEPRECATED_OBJC_IMPLEMENTATIONS = YES;
				CLANG_WARN_DIRECT_OBJC_ISA_USAGE = YES_ERROR;
				CLANG_WARN_DOCUMENTATION_COMMENTS = YES;
				CLANG_WARN_EMPTY_BODY = YES;
				CLANG_WARN_ENUM_CONVERSION = YES;
				CLANG_WARN_INFINITE_RECURSION = YES;
				CLANG_WARN_INT_CONVERSION = YES;
				CLANG_WARN_NON_LITERAL_NULL_CONVERSION = YES;
				CLANG_WARN_OBJC_IMPLICIT_RETAIN_SELF = YES;
				CLANG_WARN_OBJC_LITERAL_CONVERSION = YES;
				CLANG_WARN_OBJC_ROOT_CLASS = YES_ERROR;
				CLANG_WARN_RANGE_LOOP_ANALYSIS = YES;
				CLANG_WARN_STRICT_PROTOTYPES = YES;
				CLANG_WARN_SUSPICIOUS_MOVE = YES;
				CLANG_WARN_UNGUARDED_AVAILABILITY = YES_AGGRESSIVE;
				CLANG_WARN_UNREACHABLE_CODE = YES;
				CLANG_WARN__DUPLICATE_METHOD_MATCH = YES;
				COPY_PHASE_STRIP = NO;
				DEBUG_INFORMATION_FORMAT = "dwarf-with-dsym";
				ENABLE_NS_ASSERTIONS = NO;
				ENABLE_STRICT_OBJC_MSGSEND = YES;
				GCC_C_LANGUAGE_STANDARD = gnu11;
				GCC_NO_COMMON_BLOCKS = YES;
				GCC_WARN_64_TO_32_BIT_CONVERSION = YES;
				GCC_WARN_ABOUT_RETURN_TYPE = YES_ERROR;
				GCC_WARN_UNDECLARED_SELECTOR = YES;
				GCC_WARN_UNINITIALIZED_AUTOS = YES_AGGRESSIVE;
				GCC_WARN_UNUSED_FUNCTION = YES;
				GCC_WARN_UNUSED_VARIABLE = YES;
				IPHONEOS_DEPLOYMENT_TARGET = 13.2;
				MTL_ENABLE_DEBUG_INFO = NO;
				MTL_FAST_MATH = YES;
				SDKROOT = iphoneos;
				SWIFT_COMPILATION_MODE = wholemodule;
				SWIFT_OPTIMIZATION_LEVEL = "-O";
				VALIDATE_PRODUCT = YES;
			};
			name = Release;
		};
		B19F3C6E23CC89EE00A2B6E2 /* Debug */ = {
			isa = XCBuildConfiguration;
			buildSettings = {
				ASSETCATALOG_COMPILER_APPICON_NAME = AppIcon;
				CODE_SIGN_STYLE = Automatic;
				INFOPLIST_FILE = UITabbarViewController/Info.plist;
				LD_RUNPATH_SEARCH_PATHS = (
					"$(inherited)",
					"@executable_path/Frameworks",
				);
				PRODUCT_BUNDLE_IDENTIFIER = com.UITabbarViewController;
				PRODUCT_NAME = "$(TARGET_NAME)";
				SWIFT_VERSION = 5.0;
				TARGETED_DEVICE_FAMILY = "1,2";
			};
			name = Debug;
		};
		B19F3C6F23CC89EE00A2B6E2 /* Release */ = {
			isa = XCBuildConfiguration;
			buildSettings = {
				ASSETCATALOG_COMPILER_APPICON_NAME = AppIcon;
				CODE_SIGN_STYLE = Automatic;
				INFOPLIST_FILE = UITabbarViewController/Info.plist;
				LD_RUNPATH_SEARCH_PATHS = (
					"$(inherited)",
					"@executable_path/Frameworks",
				);
				PRODUCT_BUNDLE_IDENTIFIER = com.UITabbarViewController;
				PRODUCT_NAME = "$(TARGET_NAME)";
				SWIFT_VERSION = 5.0;
				TARGETED_DEVICE_FAMILY = "1,2";
			};
			name = Release;
		};
/* End XCBuildConfiguration section */

/* Begin XCConfigurationList section */
		B19F3C5423CC89ED00A2B6E2 /* Build configuration list for PBXProject "UITabbarViewController" */ = {
			isa = XCConfigurationList;
			buildConfigurations = (
				B19F3C6B23CC89EE00A2B6E2 /* Debug */,
				B19F3C6C23CC89EE00A2B6E2 /* Release */,
			);
			defaultConfigurationIsVisible = 0;
			defaultConfigurationName = Release;
		};
		B19F3C6D23CC89EE00A2B6E2 /* Build configuration list for PBXNativeTarget "UITabbarViewController" */ = {
			isa = XCConfigurationList;
			buildConfigurations = (
				B19F3C6E23CC89EE00A2B6E2 /* Debug */,
				B19F3C6F23CC89EE00A2B6E2 /* Release */,
			);
			defaultConfigurationIsVisible = 0;
			defaultConfigurationName = Release;
		};
/* End XCConfigurationList section */
	};
	rootObject = B19F3C5123CC89ED00A2B6E2 /* Project object */;
}
